
Microsoft Visual Studio Solution File, Format Version 12.00
# Visual Studio Version 17
VisualStudioVersion = 17.8.34511.84
MinimumVisualStudioVersion = 10.0.40219.1
Project("{9A19103F-16F7-4668-BE54-9A1E7A4F7556}") = "AuthApiService", "AuthApiService\AuthApiService.csproj", "{A4DAB39E-7C1F-47E1-9AB7-13F56E0EF008}"
EndProject
Project("{2150E333-8FDC-42A3-9474-1A3956D46DE8}") = "Data", "Data", "{D09BF9BB-AA09-4D8E-811D-1767BE293880}"
EndProject
Project("{2150E333-8FDC-42A3-9474-1A3956D46DE8}") = "Services", "Services", "{C3BF3A08-DA97-4740-A25F-BAA9003D8AF2}"
EndProject
Project("{9A19103F-16F7-4668-BE54-9A1E7A4F7556}") = "AuthData", "AuthData\AuthData.csproj", "{CFFD5CB8-5DC3-462C-9A9D-C7B09CDA60FA}"
EndProject
Project("{9A19103F-16F7-4668-BE54-9A1E7A4F7556}") = "UserService", "UserService\UserService.csproj", "{45814EBC-40B3-4B44-B440-910C389CA244}"
EndProject
Project("{9A19103F-16F7-4668-BE54-9A1E7A4F7556}") = "WatchedShowData", "WatchedShowData\WatchedShowData.csproj", "{2EC5A897-DBB2-486D-915B-3EE3BE68CE21}"
EndProject
Project("{9A19103F-16F7-4668-BE54-9A1E7A4F7556}") = "WatchedShowApiService", "WatchedShowApiService\WatchedShowApiService.csproj", "{8513E394-AEB1-4FCC-84FB-C84331E5162A}"
EndProject
Project("{FAE04EC0-301F-11D3-BF4B-00C04F79EFBC}") = "WatchedShowService", "WatchedShowService\WatchedShowService.csproj", "{0D804479-F2C8-4074-B5E9-8061BD3EC814}"
EndProject
Project("{FAE04EC0-301F-11D3-BF4B-00C04F79EFBC}") = "ExceptionService", "ExceptionService\ExceptionService.csproj", "{89FD3D29-78EC-4824-833E-26AAE4EF6D36}"
EndProject
Global
	GlobalSection(SolutionConfigurationPlatforms) = preSolution
		Debug|Any CPU = Debug|Any CPU
		Release|Any CPU = Release|Any CPU
	EndGlobalSection
	GlobalSection(ProjectConfigurationPlatforms) = postSolution
		{A4DAB39E-7C1F-47E1-9AB7-13F56E0EF008}.Debug|Any CPU.ActiveCfg = Debug|Any CPU
		{A4DAB39E-7C1F-47E1-9AB7-13F56E0EF008}.Debug|Any CPU.Build.0 = Debug|Any CPU
		{A4DAB39E-7C1F-47E1-9AB7-13F56E0EF008}.Release|Any CPU.ActiveCfg = Release|Any CPU
		{A4DAB39E-7C1F-47E1-9AB7-13F56E0EF008}.Release|Any CPU.Build.0 = Release|Any CPU
		{CFFD5CB8-5DC3-462C-9A9D-C7B09CDA60FA}.Debug|Any CPU.ActiveCfg = Debug|Any CPU
		{CFFD5CB8-5DC3-462C-9A9D-C7B09CDA60FA}.Debug|Any CPU.Build.0 = Debug|Any CPU
		{CFFD5CB8-5DC3-462C-9A9D-C7B09CDA60FA}.Release|Any CPU.ActiveCfg = Release|Any CPU
		{CFFD5CB8-5DC3-462C-9A9D-C7B09CDA60FA}.Release|Any CPU.Build.0 = Release|Any CPU
		{45814EBC-40B3-4B44-B440-910C389CA244}.Debug|Any CPU.ActiveCfg = Debug|Any CPU
		{45814EBC-40B3-4B44-B440-910C389CA244}.Debug|Any CPU.Build.0 = Debug|Any CPU
		{45814EBC-40B3-4B44-B440-910C389CA244}.Release|Any CPU.ActiveCfg = Release|Any CPU
		{45814EBC-40B3-4B44-B440-910C389CA244}.Release|Any CPU.Build.0 = Release|Any CPU
		{2EC5A897-DBB2-486D-915B-3EE3BE68CE21}.Debug|Any CPU.ActiveCfg = Debug|Any CPU
		{2EC5A897-DBB2-486D-915B-3EE3BE68CE21}.Debug|Any CPU.Build.0 = Debug|Any CPU
		{2EC5A897-DBB2-486D-915B-3EE3BE68CE21}.Release|Any CPU.ActiveCfg = Release|Any CPU
		{2EC5A897-DBB2-486D-915B-3EE3BE68CE21}.Release|Any CPU.Build.0 = Release|Any CPU
		{8513E394-AEB1-4FCC-84FB-C84331E5162A}.Debug|Any CPU.ActiveCfg = Debug|Any CPU
		{8513E394-AEB1-4FCC-84FB-C84331E5162A}.Debug|Any CPU.Build.0 = Debug|Any CPU
		{8513E394-AEB1-4FCC-84FB-C84331E5162A}.Release|Any CPU.ActiveCfg = Release|Any CPU
		{8513E394-AEB1-4FCC-84FB-C84331E5162A}.Release|Any CPU.Build.0 = Release|Any CPU
		{0D804479-F2C8-4074-B5E9-8061BD3EC814}.Debug|Any CPU.ActiveCfg = Debug|Any CPU
		{0D804479-F2C8-4074-B5E9-8061BD3EC814}.Debug|Any CPU.Build.0 = Debug|Any CPU
		{0D804479-F2C8-4074-B5E9-8061BD3EC814}.Release|Any CPU.ActiveCfg = Release|Any CPU
		{0D804479-F2C8-4074-B5E9-8061BD3EC814}.Release|Any CPU.Build.0 = Release|Any CPU
		{89FD3D29-78EC-4824-833E-26AAE4EF6D36}.Debug|Any CPU.ActiveCfg = Debug|Any CPU
		{89FD3D29-78EC-4824-833E-26AAE4EF6D36}.Debug|Any CPU.Build.0 = Debug|Any CPU
		{89FD3D29-78EC-4824-833E-26AAE4EF6D36}.Release|Any CPU.ActiveCfg = Release|Any CPU
		{89FD3D29-78EC-4824-833E-26AAE4EF6D36}.Release|Any CPU.Build.0 = Release|Any CPU
	EndGlobalSection
	GlobalSection(SolutionProperties) = preSolution
		HideSolutionNode = FALSE
	EndGlobalSection
	GlobalSection(NestedProjects) = preSolution
		{A4DAB39E-7C1F-47E1-9AB7-13F56E0EF008} = {C3BF3A08-DA97-4740-A25F-BAA9003D8AF2}
		{CFFD5CB8-5DC3-462C-9A9D-C7B09CDA60FA} = {D09BF9BB-AA09-4D8E-811D-1767BE293880}
		{45814EBC-40B3-4B44-B440-910C389CA244} = {C3BF3A08-DA97-4740-A25F-BAA9003D8AF2}
		{2EC5A897-DBB2-486D-915B-3EE3BE68CE21} = {D09BF9BB-AA09-4D8E-811D-1767BE293880}
		{8513E394-AEB1-4FCC-84FB-C84331E5162A} = {C3BF3A08-DA97-4740-A25F-BAA9003D8AF2}
		{0D804479-F2C8-4074-B5E9-8061BD3EC814} = {C3BF3A08-DA97-4740-A25F-BAA9003D8AF2}
		{89FD3D29-78EC-4824-833E-26AAE4EF6D36} = {C3BF3A08-DA97-4740-A25F-BAA9003D8AF2}
	EndGlobalSection
	GlobalSection(ExtensibilityGlobals) = postSolution
		SolutionGuid = {85C3322A-A30E-4BCC-AA69-476E55D38254}
	EndGlobalSection
EndGlobal
